// !$*UTF8*$!
{
	archiveVersion = 1;
	classes = {
	};
	objectVersion = 48;
	objects = {

/* Begin PBXBuildFile section */
		302E4B521F065475000B6AE7 /* libProtocolBuffers.a in Frameworks */ = {isa = PBXBuildFile; fileRef = 302E4B4B1F065465000B6AE7 /* libProtocolBuffers.a */; };
		305631731EFA883A00192B6D /* main.mm in Sources */ = {isa = PBXBuildFile; fileRef = 305631721EFA883A00192B6D /* main.mm */; };
		3056317D1EFA92B300192B6D /* libiconv.2.4.0.tbd in Frameworks */ = {isa = PBXBuildFile; fileRef = 3056317C1EFA88C500192B6D /* libiconv.2.4.0.tbd */; };
		3056317E1EFA92B300192B6D /* libiconv.2.tbd in Frameworks */ = {isa = PBXBuildFile; fileRef = 3056317A1EFA88C500192B6D /* libiconv.2.tbd */; };
		3056317F1EFA92B300192B6D /* libiconv.tbd in Frameworks */ = {isa = PBXBuildFile; fileRef = 3056317B1EFA88C500192B6D /* libiconv.tbd */; };
		305631871EFA9BCA00192B6D /* Runner.mm in Sources */ = {isa = PBXBuildFile; fileRef = 305631861EFA9BCA00192B6D /* Runner.mm */; };
		305D11521F06418A00E55B4D /* VerTexCount.m in Sources */ = {isa = PBXBuildFile; fileRef = 305D114D1F06416600E55B4D /* VerTexCount.m */; };
		306699AD1F0E52A800A74837 /* Fbxmodel.pbobjc.m in Sources */ = {isa = PBXBuildFile; fileRef = 306699AC1F0E528200A74837 /* Fbxmodel.pbobjc.m */; };
/* End PBXBuildFile section */

/* Begin PBXContainerItemProxy section */
		302E4B4A1F065465000B6AE7 /* PBXContainerItemProxy */ = {
			isa = PBXContainerItemProxy;
			containerPortal = 302E4B431F065465000B6AE7 /* ProtocolBuffers_OSX.xcodeproj */;
			proxyType = 2;
			remoteGlobalIDString = 7461B52E0F94FAF800A0C422;
			remoteInfo = ProtocolBuffers;
		};
		302E4B4C1F065465000B6AE7 /* PBXContainerItemProxy */ = {
			isa = PBXContainerItemProxy;
			containerPortal = 302E4B431F065465000B6AE7 /* ProtocolBuffers_OSX.xcodeproj */;
			proxyType = 2;
			remoteGlobalIDString = 8BBEA4A6147C727100C4ADB7;
			remoteInfo = UnitTests;
		};
		302E4B4E1F065465000B6AE7 /* PBXContainerItemProxy */ = {
			isa = PBXContainerItemProxy;
			containerPortal = 302E4B431F065465000B6AE7 /* ProtocolBuffers_OSX.xcodeproj */;
			proxyType = 2;
			remoteGlobalIDString = F4487C511A9F8E0200531423;
			remoteInfo = TestSingleSourceBuild;
		};
		302E4B501F06546E000B6AE7 /* PBXContainerItemProxy */ = {
			isa = PBXContainerItemProxy;
			containerPortal = 302E4B431F065465000B6AE7 /* ProtocolBuffers_OSX.xcodeproj */;
			proxyType = 1;
			remoteGlobalIDString = 7461B52D0F94FAF800A0C422;
			remoteInfo = ProtocolBuffers;
		};
/* End PBXContainerItemProxy section */

/* Begin PBXCopyFilesBuildPhase section */
		3056316D1EFA883A00192B6D /* CopyFiles */ = {
			isa = PBXCopyFilesBuildPhase;
			buildActionMask = 2147483647;
			dstPath = /usr/share/man/man1/;
			dstSubfolderSpec = 0;
			files = (
			);
			runOnlyForDeploymentPostprocessing = 1;
		};
/* End PBXCopyFilesBuildPhase section */

/* Begin PBXFileReference section */
		302E4B431F065465000B6AE7 /* ProtocolBuffers_OSX.xcodeproj */ = {isa = PBXFileReference; lastKnownFileType = "wrapper.pb-project"; name = ProtocolBuffers_OSX.xcodeproj; path = fbxToPBScript/objectivec/ProtocolBuffers_OSX.xcodeproj; sourceTree = "<group>"; };
		3056316F1EFA883A00192B6D /* fbxToPBScript */ = {isa = PBXFileReference; explicitFileType = "compiled.mach-o.executable"; includeInIndex = 0; path = fbxToPBScript; sourceTree = BUILT_PRODUCTS_DIR; };
		305631721EFA883A00192B6D /* main.mm */ = {isa = PBXFileReference; lastKnownFileType = sourcecode.cpp.objcpp; path = main.mm; sourceTree = "<group>"; };
		3056317A1EFA88C500192B6D /* libiconv.2.tbd */ = {isa = PBXFileReference; lastKnownFileType = "sourcecode.text-based-dylib-definition"; name = libiconv.2.tbd; path = usr/lib/libiconv.2.tbd; sourceTree = SDKROOT; };
		3056317B1EFA88C500192B6D /* libiconv.tbd */ = {isa = PBXFileReference; lastKnownFileType = "sourcecode.text-based-dylib-definition"; name = libiconv.tbd; path = usr/lib/libiconv.tbd; sourceTree = SDKROOT; };
		3056317C1EFA88C500192B6D /* libiconv.2.4.0.tbd */ = {isa = PBXFileReference; lastKnownFileType = "sourcecode.text-based-dylib-definition"; name = libiconv.2.4.0.tbd; path = usr/lib/libiconv.2.4.0.tbd; sourceTree = SDKROOT; };
		305631851EFA9BBD00192B6D /* Runner.h */ = {isa = PBXFileReference; lastKnownFileType = sourcecode.c.h; path = Runner.h; sourceTree = "<group>"; };
		305631861EFA9BCA00192B6D /* Runner.mm */ = {isa = PBXFileReference; lastKnownFileType = sourcecode.cpp.objcpp; path = Runner.mm; sourceTree = "<group>"; };
		305D114C1F06416600E55B4D /* VerTexCount.h */ = {isa = PBXFileReference; lastKnownFileType = sourcecode.c.h; path = VerTexCount.h; sourceTree = "<group>"; };
		305D114D1F06416600E55B4D /* VerTexCount.m */ = {isa = PBXFileReference; lastKnownFileType = sourcecode.c.objc; path = VerTexCount.m; sourceTree = "<group>"; };
		306699AB1F0E528200A74837 /* Fbxmodel.pbobjc.h */ = {isa = PBXFileReference; lastKnownFileType = sourcecode.c.h; path = Fbxmodel.pbobjc.h; sourceTree = "<group>"; };
		306699AC1F0E528200A74837 /* Fbxmodel.pbobjc.m */ = {isa = PBXFileReference; lastKnownFileType = sourcecode.c.objc; path = Fbxmodel.pbobjc.m; sourceTree = "<group>"; };
/* End PBXFileReference section */

/* Begin PBXFrameworksBuildPhase section */
		3056316C1EFA883A00192B6D /* Frameworks */ = {
			isa = PBXFrameworksBuildPhase;
			buildActionMask = 2147483647;
			files = (
				302E4B521F065475000B6AE7 /* libProtocolBuffers.a in Frameworks */,
				3056317D1EFA92B300192B6D /* libiconv.2.4.0.tbd in Frameworks */,
				3056317E1EFA92B300192B6D /* libiconv.2.tbd in Frameworks */,
				3056317F1EFA92B300192B6D /* libiconv.tbd in Frameworks */,
			);
			runOnlyForDeploymentPostprocessing = 0;
		};
/* End PBXFrameworksBuildPhase section */

/* Begin PBXGroup section */
		302E4B441F065465000B6AE7 /* Products */ = {
			isa = PBXGroup;
			children = (
				302E4B4B1F065465000B6AE7 /* libProtocolBuffers.a */,
				302E4B4D1F065465000B6AE7 /* UnitTests.xctest */,
				302E4B4F1F065465000B6AE7 /* libTestSingleSourceBuild.a */,
			);
			name = Products;
			sourceTree = "<group>";
		};
		305631661EFA883A00192B6D = {
			isa = PBXGroup;
			children = (
				302E4B431F065465000B6AE7 /* ProtocolBuffers_OSX.xcodeproj */,
				305631711EFA883A00192B6D /* fbxToPBScript */,
				305631701EFA883A00192B6D /* Products */,
				305631791EFA88C500192B6D /* Frameworks */,
			);
			sourceTree = "<group>";
		};
		305631701EFA883A00192B6D /* Products */ = {
			isa = PBXGroup;
			children = (
				3056316F1EFA883A00192B6D /* fbxToPBScript */,
			);
			name = Products;
			sourceTree = "<group>";
		};
		305631711EFA883A00192B6D /* fbxToPBScript */ = {
			isa = PBXGroup;
			children = (
				306699AB1F0E528200A74837 /* Fbxmodel.pbobjc.h */,
				306699AC1F0E528200A74837 /* Fbxmodel.pbobjc.m */,
				305631721EFA883A00192B6D /* main.mm */,
				305631851EFA9BBD00192B6D /* Runner.h */,
				305631861EFA9BCA00192B6D /* Runner.mm */,
				305D114D1F06416600E55B4D /* VerTexCount.m */,
				305D114C1F06416600E55B4D /* VerTexCount.h */,
			);
			path = fbxToPBScript;
			sourceTree = "<group>";
		};
		305631791EFA88C500192B6D /* Frameworks */ = {
			isa = PBXGroup;
			children = (
				3056317C1EFA88C500192B6D /* libiconv.2.4.0.tbd */,
				3056317A1EFA88C500192B6D /* libiconv.2.tbd */,
				3056317B1EFA88C500192B6D /* libiconv.tbd */,
			);
			name = Frameworks;
			sourceTree = "<group>";
		};
/* End PBXGroup section */

/* Begin PBXNativeTarget section */
		3056316E1EFA883A00192B6D /* fbxToPBScript */ = {
			isa = PBXNativeTarget;
			buildConfigurationList = 305631761EFA883A00192B6D /* Build configuration list for PBXNativeTarget "fbxToPBScript" */;
			buildPhases = (
				30F37D3F1EFBA960006424F9 /* Resources */,
				3056316B1EFA883A00192B6D /* Sources */,
				3056316C1EFA883A00192B6D /* Frameworks */,
				3056316D1EFA883A00192B6D /* CopyFiles */,
			);
			buildRules = (
			);
			dependencies = (
				302E4B511F06546E000B6AE7 /* PBXTargetDependency */,
			);
			name = fbxToPBScript;
			productName = fbxToPBScript;
			productReference = 3056316F1EFA883A00192B6D /* fbxToPBScript */;
			productType = "com.apple.product-type.tool";
		};
/* End PBXNativeTarget section */

/* Begin PBXProject section */
		305631671EFA883A00192B6D /* Project object */ = {
			isa = PBXProject;
			attributes = {
				LastUpgradeCheck = 0900;
				ORGANIZATIONNAME = "Kunal Thacker";
				TargetAttributes = {
					3056316E1EFA883A00192B6D = {
						CreatedOnToolsVersion = 9.0;
					};
				};
			};
			buildConfigurationList = 3056316A1EFA883A00192B6D /* Build configuration list for PBXProject "fbxToPBScript" */;
			compatibilityVersion = "Xcode 8.0";
			developmentRegion = en;
			hasScannedForEncodings = 0;
			knownRegions = (
				en,
			);
			mainGroup = 305631661EFA883A00192B6D;
			productRefGroup = 305631701EFA883A00192B6D /* Products */;
			projectDirPath = "";
			projectReferences = (
				{
					ProductGroup = 302E4B441F065465000B6AE7 /* Products */;
					ProjectRef = 302E4B431F065465000B6AE7 /* ProtocolBuffers_OSX.xcodeproj */;
				},
			);
			projectRoot = "";
			targets = (
				3056316E1EFA883A00192B6D /* fbxToPBScript */,
			);
		};
/* End PBXProject section */

/* Begin PBXReferenceProxy section */
		302E4B4B1F065465000B6AE7 /* libProtocolBuffers.a */ = {
			isa = PBXReferenceProxy;
			fileType = archive.ar;
			path = libProtocolBuffers.a;
			remoteRef = 302E4B4A1F065465000B6AE7 /* PBXContainerItemProxy */;
			sourceTree = BUILT_PRODUCTS_DIR;
		};
		302E4B4D1F065465000B6AE7 /* UnitTests.xctest */ = {
			isa = PBXReferenceProxy;
			fileType = wrapper.cfbundle;
			path = UnitTests.xctest;
			remoteRef = 302E4B4C1F065465000B6AE7 /* PBXContainerItemProxy */;
			sourceTree = BUILT_PRODUCTS_DIR;
		};
		302E4B4F1F065465000B6AE7 /* libTestSingleSourceBuild.a */ = {
			isa = PBXReferenceProxy;
			fileType = archive.ar;
			path = libTestSingleSourceBuild.a;
			remoteRef = 302E4B4E1F065465000B6AE7 /* PBXContainerItemProxy */;
			sourceTree = BUILT_PRODUCTS_DIR;
		};
/* End PBXReferenceProxy section */

/* Begin PBXResourcesBuildPhase section */
		30F37D3F1EFBA960006424F9 /* Resources */ = {
			isa = PBXResourcesBuildPhase;
			buildActionMask = 2147483647;
			files = (
			);
			runOnlyForDeploymentPostprocessing = 0;
		};
/* End PBXResourcesBuildPhase section */

/* Begin PBXSourcesBuildPhase section */
		3056316B1EFA883A00192B6D /* Sources */ = {
			isa = PBXSourcesBuildPhase;
			buildActionMask = 2147483647;
			files = (
				306699AD1F0E52A800A74837 /* Fbxmodel.pbobjc.m in Sources */,
				305D11521F06418A00E55B4D /* VerTexCount.m in Sources */,
				305631731EFA883A00192B6D /* main.mm in Sources */,
				305631871EFA9BCA00192B6D /* Runner.mm in Sources */,
			);
			runOnlyForDeploymentPostprocessing = 0;
		};
/* End PBXSourcesBuildPhase section */

/* Begin PBXTargetDependency section */
		302E4B511F06546E000B6AE7 /* PBXTargetDependency */ = {
			isa = PBXTargetDependency;
			name = ProtocolBuffers;
			targetProxy = 302E4B501F06546E000B6AE7 /* PBXContainerItemProxy */;
		};
/* End PBXTargetDependency section */

/* Begin XCBuildConfiguration section */
		305631741EFA883A00192B6D /* Debug */ = {
			isa = XCBuildConfiguration;
			buildSettings = {
				ALWAYS_SEARCH_USER_PATHS = NO;
				CLANG_ANALYZER_NONNULL = YES;
				CLANG_ANALYZER_NUMBER_OBJECT_CONVERSION = YES_AGGRESSIVE;
				CLANG_CXX_LANGUAGE_STANDARD = "gnu++14";
				CLANG_CXX_LIBRARY = "libc++";
				CLANG_ENABLE_MODULES = YES;
				CLANG_ENABLE_OBJC_ARC = YES;
				CLANG_WARN_BLOCK_CAPTURE_AUTORELEASING = YES;
				CLANG_WARN_BOOL_CONVERSION = YES;
				CLANG_WARN_COMMA = YES;
				CLANG_WARN_CONSTANT_CONVERSION = YES;
				CLANG_WARN_DIRECT_OBJC_ISA_USAGE = YES_ERROR;
				CLANG_WARN_DOCUMENTATION_COMMENTS = YES;
				CLANG_WARN_EMPTY_BODY = YES;
				CLANG_WARN_ENUM_CONVERSION = YES;
				CLANG_WARN_INFINITE_RECURSION = YES;
				CLANG_WARN_INT_CONVERSION = YES;
				CLANG_WARN_OBJC_ROOT_CLASS = YES_ERROR;
				CLANG_WARN_RANGE_LOOP_ANALYSIS = YES;
				CLANG_WARN_STRICT_PROTOTYPES = YES;
				CLANG_WARN_SUSPICIOUS_MOVE = YES;
				CLANG_WARN_UNGUARDED_AVAILABILITY = YES_AGGRESSIVE;
				CLANG_WARN_UNREACHABLE_CODE = YES;
				CLANG_WARN__DUPLICATE_METHOD_MATCH = YES;
				CODE_SIGN_IDENTITY = "Mac Developer";
				COPY_PHASE_STRIP = NO;
				DEBUG_INFORMATION_FORMAT = dwarf;
				ENABLE_STRICT_OBJC_MSGSEND = YES;
				ENABLE_TESTABILITY = YES;
				GCC_C_LANGUAGE_STANDARD = gnu11;
				GCC_DYNAMIC_NO_PIC = NO;
				GCC_NO_COMMON_BLOCKS = YES;
				GCC_OPTIMIZATION_LEVEL = 0;
				GCC_PREPROCESSOR_DEFINITIONS = (
					"DEBUG=1",
					"$(inherited)",
				);
				GCC_WARN_64_TO_32_BIT_CONVERSION = YES;
				GCC_WARN_ABOUT_RETURN_TYPE = YES_ERROR;
				GCC_WARN_UNDECLARED_SELECTOR = YES;
				GCC_WARN_UNINITIALIZED_AUTOS = YES_AGGRESSIVE;
				GCC_WARN_UNUSED_FUNCTION = YES;
				GCC_WARN_UNUSED_VARIABLE = YES;
				MACOSX_DEPLOYMENT_TARGET = 10.12;
				MTL_ENABLE_DEBUG_INFO = YES;
				ONLY_ACTIVE_ARCH = YES;
				SDKROOT = macosx;
			};
			name = Debug;
		};
		305631751EFA883A00192B6D /* Release */ = {
			isa = XCBuildConfiguration;
			buildSettings = {
				ALWAYS_SEARCH_USER_PATHS = NO;
				CLANG_ANALYZER_NONNULL = YES;
				CLANG_ANALYZER_NUMBER_OBJECT_CONVERSION = YES_AGGRESSIVE;
				CLANG_CXX_LANGUAGE_STANDARD = "gnu++14";
				CLANG_CXX_LIBRARY = "libc++";
				CLANG_ENABLE_MODULES = YES;
				CLANG_ENABLE_OBJC_ARC = YES;
				CLANG_WARN_BLOCK_CAPTURE_AUTORELEASING = YES;
				CLANG_WARN_BOOL_CONVERSION = YES;
				CLANG_WARN_COMMA = YES;
				CLANG_WARN_CONSTANT_CONVERSION = YES;
				CLANG_WARN_DIRECT_OBJC_ISA_USAGE = YES_ERROR;
				CLANG_WARN_DOCUMENTATION_COMMENTS = YES;
				CLANG_WARN_EMPTY_BODY = YES;
				CLANG_WARN_ENUM_CONVERSION = YES;
				CLANG_WARN_INFINITE_RECURSION = YES;
				CLANG_WARN_INT_CONVERSION = YES;
				CLANG_WARN_OBJC_ROOT_CLASS = YES_ERROR;
				CLANG_WARN_RANGE_LOOP_ANALYSIS = YES;
				CLANG_WARN_STRICT_PROTOTYPES = YES;
				CLANG_WARN_SUSPICIOUS_MOVE = YES;
				CLANG_WARN_UNGUARDED_AVAILABILITY = YES_AGGRESSIVE;
				CLANG_WARN_UNREACHABLE_CODE = YES;
				CLANG_WARN__DUPLICATE_METHOD_MATCH = YES;
				CODE_SIGN_IDENTITY = "Mac Developer";
				COPY_PHASE_STRIP = NO;
				DEBUG_INFORMATION_FORMAT = "dwarf-with-dsym";
				ENABLE_NS_ASSERTIONS = NO;
				ENABLE_STRICT_OBJC_MSGSEND = YES;
				GCC_C_LANGUAGE_STANDARD = gnu11;
				GCC_NO_COMMON_BLOCKS = YES;
				GCC_WARN_64_TO_32_BIT_CONVERSION = YES;
				GCC_WARN_ABOUT_RETURN_TYPE = YES_ERROR;
				GCC_WARN_UNDECLARED_SELECTOR = YES;
				GCC_WARN_UNINITIALIZED_AUTOS = YES_AGGRESSIVE;
				GCC_WARN_UNUSED_FUNCTION = YES;
				GCC_WARN_UNUSED_VARIABLE = YES;
				MACOSX_DEPLOYMENT_TARGET = 10.12;
				MTL_ENABLE_DEBUG_INFO = NO;
				SDKROOT = macosx;
			};
			name = Release;
		};
		305631771EFA883A00192B6D /* Debug */ = {
			isa = XCBuildConfiguration;
			buildSettings = {
				ALWAYS_SEARCH_USER_PATHS = YES;
				ARCHS = "$(ARCHS_STANDARD)";
				CLANG_ENABLE_OBJC_ARC = NO;
				DEVELOPMENT_TEAM = 8UB24XC54S;
				FRAMEWORK_SEARCH_PATHS = "";
				HEADER_SEARCH_PATHS = "/Applications/Autodesk/FBX\\ SDK/2018.1.1/lib/clang/debug/libfbxsdk.dylib";
				LIBRARY_SEARCH_PATHS = "";
				ONLY_ACTIVE_ARCH = NO;
				"OTHER_LDFLAGS[arch=*]" = (
					"-ObjC",
					"\"/Applications/Autodesk/FBX\\ SDK/2018.1.1/lib/clang/debug/libfbxsdk.a\"",
				);
				PRODUCT_NAME = "$(TARGET_NAME)";
				"USER_HEADER_SEARCH_PATHS[arch=*]" = "/Applications/Autodesk/FBX\\ SDK/2018.1.1/include \"$(SRCROOT)/fbxToPBScript/objectivec\"";
			};
			name = Debug;
		};
		305631781EFA883A00192B6D /* Release */ = {
			isa = XCBuildConfiguration;
			buildSettings = {
				ALWAYS_SEARCH_USER_PATHS = YES;
				ARCHS = "$(ARCHS_STANDARD)";
				CLANG_ENABLE_OBJC_ARC = NO;
				DEVELOPMENT_TEAM = 8UB24XC54S;
				FRAMEWORK_SEARCH_PATHS = "";
				HEADER_SEARCH_PATHS = "/Applications/Autodesk/FBX\\ SDK/2018.1.1/lib/clang/debug/libfbxsdk.dylib";
				LIBRARY_SEARCH_PATHS = "";
				"OTHER_LDFLAGS[arch=*]" = (
					"-ObjC",
					"\"/Applications/Autodesk/FBX\\ SDK/2018.1.1/lib/clang/release/libfbxsdk.a\"",
				);
				PRODUCT_NAME = "$(TARGET_NAME)";
				"USER_HEADER_SEARCH_PATHS[arch=*]" = "/Applications/Autodesk/FBX\\ SDK/2018.1.1/include \"$(SRCROOT)/fbxToPBScript/objectivec\"";
			};
			name = Release;
		};
/* End XCBuildConfiguration section */

/* Begin XCConfigurationList section */
		3056316A1EFA883A00192B6D /* Build configuration list for PBXProject "fbxToPBScript" */ = {
			isa = XCConfigurationList;
			buildConfigurations = (
				305631741EFA883A00192B6D /* Debug */,
				305631751EFA883A00192B6D /* Release */,
			);
			defaultConfigurationIsVisible = 0;
			defaultConfigurationName = Release;
		};
		305631761EFA883A00192B6D /* Build configuration list for PBXNativeTarget "fbxToPBScript" */ = {
			isa = XCConfigurationList;
			buildConfigurations = (
				305631771EFA883A00192B6D /* Debug */,
				305631781EFA883A00192B6D /* Release */,
			);
			defaultConfigurationIsVisible = 0;
			defaultConfigurationName = Release;
		};
/* End XCConfigurationList section */
	};
	rootObject = 305631671EFA883A00192B6D /* Project object */;
}
